
Microsoft Visual Studio Solution File, Format Version 12.00
# Visual Studio Version 16
VisualStudioVersion = 16.0.30406.217
MinimumVisualStudioVersion = 10.0.40219.1
Project("{9A19103F-16F7-4668-BE54-9A1E7A4F7556}") = "AccessManager", "AccessManager\AccessManager.csproj", "{F9D2A08F-3F6D-4087-AE92-35AEF04CBEEB}"
EndProject
Project("{9A19103F-16F7-4668-BE54-9A1E7A4F7556}") = "AccessManager.DataAccess", "AccessManager.DataAccess\AccessManager.DataAccess.csproj", "{4FF6CC39-2A84-495C-8B1A-2D935D9EF2CC}"
EndProject
Project("{9A19103F-16F7-4668-BE54-9A1E7A4F7556}") = "AccessManager.Models", "AccessManager.Models\AccessManager.Models.csproj", "{4C9508BF-BF5C-457D-8FD1-98A7B28926AB}"
EndProject
Global
	GlobalSection(SolutionConfigurationPlatforms) = preSolution
		Debug|Any CPU = Debug|Any CPU
		Release|Any CPU = Release|Any CPU
	EndGlobalSection
	GlobalSection(ProjectConfigurationPlatforms) = postSolution
		{F9D2A08F-3F6D-4087-AE92-35AEF04CBEEB}.Debug|Any CPU.ActiveCfg = Debug|Any CPU
		{F9D2A08F-3F6D-4087-AE92-35AEF04CBEEB}.Debug|Any CPU.Build.0 = Debug|Any CPU
		{F9D2A08F-3F6D-4087-AE92-35AEF04CBEEB}.Release|Any CPU.ActiveCfg = Release|Any CPU
		{F9D2A08F-3F6D-4087-AE92-35AEF04CBEEB}.Release|Any CPU.Build.0 = Release|Any CPU
		{4FF6CC39-2A84-495C-8B1A-2D935D9EF2CC}.Debug|Any CPU.ActiveCfg = Debug|Any CPU
		{4FF6CC39-2A84-495C-8B1A-2D935D9EF2CC}.Debug|Any CPU.Build.0 = Debug|Any CPU
		{4FF6CC39-2A84-495C-8B1A-2D935D9EF2CC}.Release|Any CPU.ActiveCfg = Release|Any CPU
		{4FF6CC39-2A84-495C-8B1A-2D935D9EF2CC}.Release|Any CPU.Build.0 = Release|Any CPU
		{4C9508BF-BF5C-457D-8FD1-98A7B28926AB}.Debug|Any CPU.ActiveCfg = Debug|Any CPU
		{4C9508BF-BF5C-457D-8FD1-98A7B28926AB}.Debug|Any CPU.Build.0 = Debug|Any CPU
		{4C9508BF-BF5C-457D-8FD1-98A7B28926AB}.Release|Any CPU.ActiveCfg = Release|Any CPU
		{4C9508BF-BF5C-457D-8FD1-98A7B28926AB}.Release|Any CPU.Build.0 = Release|Any CPU
	EndGlobalSection
	GlobalSection(SolutionProperties) = preSolution
		HideSolutionNode = FALSE
	EndGlobalSection
	GlobalSection(ExtensibilityGlobals) = postSolution
		SolutionGuid = {73FE8055-2E23-4377-AFFE-656F2B344160}
	EndGlobalSection
EndGlobal
